
Microsoft Visual Studio Solution File, Format Version 12.00
# Visual Studio Version 17
VisualStudioVersion = 17.9.34902.65
MinimumVisualStudioVersion = 10.0.40219.1
Project("{FAE04EC0-301F-11D3-BF4B-00C04F79EFBC}") = "Create Loginform again", "Create Loginform again\Create Loginform again.csproj", "{7B88D842-4291-4155-A922-25E430AB57FC}"
EndProject
Global
	GlobalSection(SolutionConfigurationPlatforms) = preSolution
		Debug|Any CPU = Debug|Any CPU
		Release|Any CPU = Release|Any CPU
	EndGlobalSection
	GlobalSection(ProjectConfigurationPlatforms) = postSolution
		{7B88D842-4291-4155-A922-25E430AB57FC}.Debug|Any CPU.ActiveCfg = Debug|Any CPU
		{7B88D842-4291-4155-A922-25E430AB57FC}.Debug|Any CPU.Build.0 = Debug|Any CPU
		{7B88D842-4291-4155-A922-25E430AB57FC}.Release|Any CPU.ActiveCfg = Release|Any CPU
		{7B88D842-4291-4155-A922-25E430AB57FC}.Release|Any CPU.Build.0 = Release|Any CPU
	EndGlobalSection
	GlobalSection(SolutionProperties) = preSolution
		HideSolutionNode = FALSE
	EndGlobalSection
	GlobalSection(ExtensibilityGlobals) = postSolution
		SolutionGuid = {7E40BA4D-AEC1-44AB-B503-E71100B0D3A1}
	EndGlobalSection
EndGlobal
