
Microsoft Visual Studio Solution File, Format Version 12.00
# Visual Studio Version 17
VisualStudioVersion = 17.9.34723.18
MinimumVisualStudioVersion = 10.0.40219.1
Project("{FAE04EC0-301F-11D3-BF4B-00C04F79EFBC}") = "Calculator", "Calculator\Calculator.csproj", "{E9034320-D151-4BDD-9282-B9B1C8F591D8}"
EndProject
Global
	GlobalSection(SolutionConfigurationPlatforms) = preSolution
		Debug|Any CPU = Debug|Any CPU
		Release|Any CPU = Release|Any CPU
	EndGlobalSection
	GlobalSection(ProjectConfigurationPlatforms) = postSolution
		{E9034320-D151-4BDD-9282-B9B1C8F591D8}.Debug|Any CPU.ActiveCfg = Debug|Any CPU
		{E9034320-D151-4BDD-9282-B9B1C8F591D8}.Debug|Any CPU.Build.0 = Debug|Any CPU
		{E9034320-D151-4BDD-9282-B9B1C8F591D8}.Release|Any CPU.ActiveCfg = Release|Any CPU
		{E9034320-D151-4BDD-9282-B9B1C8F591D8}.Release|Any CPU.Build.0 = Release|Any CPU
	EndGlobalSection
	GlobalSection(SolutionProperties) = preSolution
		HideSolutionNode = FALSE
	EndGlobalSection
	GlobalSection(ExtensibilityGlobals) = postSolution
		SolutionGuid = {9AFF6AF8-32D7-4F12-9C20-B2AFF2B90FCC}
	EndGlobalSection
EndGlobal
